{
    "_readme": [
        "This file locks the dependencies of your project to a known state",
        "Read more about it at https://getcomposer.org/doc/01-basic-usage.md#composer-lock-the-lock-file",
        "This file is @generated automatically"
    ],
    "hash": "a6ae3ede4f951b72fc040c2795f1ff91",
    "content-hash": "1486b8e180942907f8cafb75a59df9b9",
    "packages": [
        {
            "name": "orpheus/orpheus-cache",
            "version": "dev-master",
            "source": {
                "type": "git",
                "url": "https://github.com/Sowapps/orpheus-cache.git",
                "reference": "8f221505de0d33ff7aa12067127e2e213c92b09e"
            },
            "dist": {
                "type": "zip",
                "url": "https://api.github.com/repos/Sowapps/orpheus-cache/zipball/8f221505de0d33ff7aa12067127e2e213c92b09e",
                "reference": "8f221505de0d33ff7aa12067127e2e213c92b09e",
                "shasum": ""
            },
            "type": "library",
            "autoload": {
                "psr-4": {
                    "Orpheus\\": "src"
                }
            },
            "notification-url": "https://packagist.org/downloads/",
            "license": [
                "MIT"
            ],
            "authors": [
                {
                    "name": "Florent HAZARD",
                    "email": "contact@sowapps.com",
                    "homepage": "http://sowapps.com",
                    "role": "Developer"
                }
            ],
            "description": "Orpheus Cache",
            "keywords": [
                "apc",
                "cache",
                "filesystem",
                "orpheus"
            ],
            "time": "2016-09-28 12:37:56"
        },
        {
            "name": "orpheus/orpheus-core",
            "version": "dev-master",
            "source": {
                "type": "git",
                "url": "https://github.com/Sowapps/orpheus-core.git",
                "reference": "b27944c5e9b933f460581375f48cd9b371c041c8"
            },
            "dist": {
                "type": "zip",
                "url": "https://api.github.com/repos/Sowapps/orpheus-core/zipball/b27944c5e9b933f460581375f48cd9b371c041c8",
                "reference": "b27944c5e9b933f460581375f48cd9b371c041c8",
                "shasum": ""
            },
            "require": {
                "orpheus/orpheus-hook": "dev-master"
            },
            "type": "library",
            "autoload": {
                "psr-4": {
                    "Orpheus\\": "src"
                },
                "files": [
                    "src/_loader.php"
                ]
            },
            "notification-url": "https://packagist.org/downloads/",
            "license": [
                "MIT"
            ],
            "authors": [
                {
                    "name": "Florent HAZARD",
                    "email": "contact@sowapps.com",
                    "homepage": "http://sowapps.com",
                    "role": "Developer"
                }
            ],
            "description": "Orpheus Core",
            "keywords": [
                "core",
                "orpheus"
            ],
            "time": "2016-10-12 09:11:27"
        },
        {
            "name": "orpheus/orpheus-hook",
            "version": "dev-master",
            "source": {
                "type": "git",
                "url": "https://github.com/Sowapps/orpheus-hook.git",
                "reference": "55d45514f1bda4a1dbf5c88f828cfde5fba25cbe"
            },
            "dist": {
                "type": "zip",
                "url": "https://api.github.com/repos/Sowapps/orpheus-hook/zipball/55d45514f1bda4a1dbf5c88f828cfde5fba25cbe",
                "reference": "55d45514f1bda4a1dbf5c88f828cfde5fba25cbe",
                "shasum": ""
            },
            "type": "library",
            "autoload": {
                "psr-4": {
                    "Orpheus\\": "src"
                },
                "files": [
                    "src/_loader.php"
                ]
            },
            "notification-url": "https://packagist.org/downloads/",
            "license": [
                "MIT"
            ],
            "authors": [
                {
                    "name": "Florent HAZARD",
                    "email": "contact@sowapps.com",
                    "homepage": "http://sowapps.com",
                    "role": "Developer"
                }
            ],
            "description": "Orpheus Hook",
            "homepage": "https://github.com/Sowapps/orpheus-hook",
            "keywords": [
                "HOOK",
                "event",
                "orpheus"
            ],
            "time": "2016-10-06 14:58:41"
        }
    ],
    "packages-dev": [],
    "aliases": [],
    "minimum-stability": "stable",
    "stability-flags": {
        "orpheus/orpheus-core": 20,
        "orpheus/orpheus-hook": 20,
        "orpheus/orpheus-cache": 20
    },
    "prefer-stable": false,
    "prefer-lowest": false,
    "platform": [],
    "platform-dev": []
}
